
Microsoft Visual Studio Solution File, Format Version 12.00
# Visual Studio Version 17
VisualStudioVersion = 17.5.002.0
MinimumVisualStudioVersion = 10.0.40219.1
Project("{9A19103F-16F7-4668-BE54-9A1E7A4F7556}") = "HastaTakip", "HastaTakip.csproj", "{9139391E-B6CE-45AB-857A-720F6CD83238}"
EndProject
Global
	GlobalSection(SolutionConfigurationPlatforms) = preSolution
		Debug|Any CPU = Debug|Any CPU
		Release|Any CPU = Release|Any CPU
	EndGlobalSection
	GlobalSection(ProjectConfigurationPlatforms) = postSolution
		{9139391E-B6CE-45AB-857A-720F6CD83238}.Debug|Any CPU.ActiveCfg = Debug|Any CPU
		{9139391E-B6CE-45AB-857A-720F6CD83238}.Debug|Any CPU.Build.0 = Debug|Any CPU
		{9139391E-B6CE-45AB-857A-720F6CD83238}.Release|Any CPU.ActiveCfg = Release|Any CPU
		{9139391E-B6CE-45AB-857A-720F6CD83238}.Release|Any CPU.Build.0 = Release|Any CPU
	EndGlobalSection
	GlobalSection(SolutionProperties) = preSolution
		HideSolutionNode = FALSE
	EndGlobalSection
	GlobalSection(ExtensibilityGlobals) = postSolution
		SolutionGuid = {1DD002FB-DA0E-41BC-BBD4-E37CB2D6C777}
	EndGlobalSection
EndGlobal
